{
  "name": "@civ-clone/core-trade-rate",
  "version": "0.1.1",
  "lockfileVersion": 2,
  "requires": true,
  "packages": {
    "": {
      "name": "@civ-clone/core-trade-rate",
      "version": "0.1.1",
      "license": "MIT",
      "dependencies": {
        "@civ-clone/core-data-object": "^0.1.0",
        "@civ-clone/core-player": "^0.1.0",
        "@civ-clone/core-registry": "^0.1.0",
        "@civ-clone/core-yield": "^0.1.0"
      },
      "devDependencies": {
        "prettier": "^2.1.2",
        "typescript": "^4.0.3"
      }
    },
    "node_modules/@civ-clone/core-civilization": {
      "version": "0.1.1",
      "resolved": "https://registry.npmjs.org/@civ-clone/core-civilization/-/core-civilization-0.1.1.tgz",
      "integrity": "sha512-+Wvy+RliVtHPLaE9mBjWJFXbJoMDvkDx0Xvvzm8s1LBn2DTE0px6P2zLUKpWhYMM++ujRzzRjXNI5qf40oIXfw==",
      "dependencies": {
        "@civ-clone/core-data-object": "^0.1.0",
        "@civ-clone/core-registry": "^0.1.0",
        "@civ-clone/core-yield": "^0.1.0"
      }
    },
    "node_modules/@civ-clone/core-data-object": {
      "version": "0.1.6",
      "resolved": "https://registry.npmjs.org/@civ-clone/core-data-object/-/core-data-object-0.1.6.tgz",
      "integrity": "sha512-CqDYx3KncNA3N9gMKFyUkI3k2HjCS/hKQulj6bRqwcbnVuXYxkzfjVgaVMGR796Ds2DcbUI8Bum1HpHCOv2wCw==",
      "dependencies": {
        "@civ-clone/core-registry": "^0.1.0"
      }
    },
    "node_modules/@civ-clone/core-player": {
      "version": "0.1.2",
      "resolved": "https://registry.npmjs.org/@civ-clone/core-player/-/core-player-0.1.2.tgz",
      "integrity": "sha512-ekxKuNn7jSnImbtP33TCMkV68uKC9e8Uaw0FPLlA5AkKLj1sD5Fg5FtGdMS9jXUyo0BKEVUMrXlehkIToQ+Ifw==",
      "dependencies": {
        "@civ-clone/core-civilization": "^0.1.0",
        "@civ-clone/core-data-object": "^0.1.0",
        "@civ-clone/core-registry": "^0.1.0",
        "@civ-clone/core-rule": "^0.1.0"
      }
    },
    "node_modules/@civ-clone/core-registry": {
      "version": "0.1.0",
      "resolved": "https://registry.npmjs.org/@civ-clone/core-registry/-/core-registry-0.1.0.tgz",
      "integrity": "sha512-g8TqSC+kwDTgpgGBaQd/d4G5Mw75qb4C1nDu3qeVf3bEmggoM5IpyJbSrrn5+uISPJdF9OIQuZWmugLQSmk0tQ=="
    },
    "node_modules/@civ-clone/core-rule": {
      "version": "0.1.1",
      "resolved": "https://registry.npmjs.org/@civ-clone/core-rule/-/core-rule-0.1.1.tgz",
      "integrity": "sha512-YKK0Z6uYnw3EASzH+KqkFCQ9VTGLnsLFT4K5kR2Zr/RLo+qkyBMOs0l3DgpbhddfsHqzRY+yscrGjnF4L63rog==",
      "dependencies": {
        "@civ-clone/core-registry": "^0.1.0"
      }
    },
    "node_modules/@civ-clone/core-yield": {
      "version": "0.1.1",
      "resolved": "https://registry.npmjs.org/@civ-clone/core-yield/-/core-yield-0.1.1.tgz",
      "integrity": "sha512-+UY0gXsdqs6+s9ipeLdkSn3OqTXHJBCtH/VILI+sAp8Wx4ObnCreiydwBK6LG0YFVhLXPdXtBzEU+FxEWV18xA==",
      "dependencies": {
        "@civ-clone/core-data-object": "^0.1.0",
        "@civ-clone/core-registry": "^0.1.0"
      }
    },
    "node_modules/prettier": {
      "version": "2.6.0",
      "resolved": "https://registry.npmjs.org/prettier/-/prettier-2.6.0.tgz",
      "integrity": "sha512-m2FgJibYrBGGgQXNzfd0PuDGShJgRavjUoRCw1mZERIWVSXF0iLzLm+aOqTAbLnC3n6JzUhAA8uZnFVghHJ86A==",
      "dev": true,
      "bin": {
        "prettier": "bin-prettier.js"
      },
      "engines": {
        "node": ">=10.13.0"
      },
      "funding": {
        "url": "https://github.com/prettier/prettier?sponsor=1"
      }
    },
    "node_modules/typescript": {
      "version": "4.6.2",
      "resolved": "https://registry.npmjs.org/typescript/-/typescript-4.6.2.tgz",
      "integrity": "sha512-HM/hFigTBHZhLXshn9sN37H085+hQGeJHJ/X7LpBWLID/fbc2acUMfU+lGD98X81sKP+pFa9f0DZmCwB9GnbAg==",
      "dev": true,
      "bin": {
        "tsc": "bin/tsc",
        "tsserver": "bin/tsserver"
      },
      "engines": {
        "node": ">=4.2.0"
      }
    }
  },
  "dependencies": {
    "@civ-clone/core-civilization": {
      "version": "0.1.1",
      "resolved": "https://registry.npmjs.org/@civ-clone/core-civilization/-/core-civilization-0.1.1.tgz",
      "integrity": "sha512-+Wvy+RliVtHPLaE9mBjWJFXbJoMDvkDx0Xvvzm8s1LBn2DTE0px6P2zLUKpWhYMM++ujRzzRjXNI5qf40oIXfw==",
      "requires": {
        "@civ-clone/core-data-object": "^0.1.0",
        "@civ-clone/core-registry": "^0.1.0",
        "@civ-clone/core-yield": "^0.1.0"
      }
    },
    "@civ-clone/core-data-object": {
      "version": "0.1.6",
      "resolved": "https://registry.npmjs.org/@civ-clone/core-data-object/-/core-data-object-0.1.6.tgz",
      "integrity": "sha512-CqDYx3KncNA3N9gMKFyUkI3k2HjCS/hKQulj6bRqwcbnVuXYxkzfjVgaVMGR796Ds2DcbUI8Bum1HpHCOv2wCw==",
      "requires": {
        "@civ-clone/core-registry": "^0.1.0"
      }
    },
    "@civ-clone/core-player": {
      "version": "0.1.2",
      "resolved": "https://registry.npmjs.org/@civ-clone/core-player/-/core-player-0.1.2.tgz",
      "integrity": "sha512-ekxKuNn7jSnImbtP33TCMkV68uKC9e8Uaw0FPLlA5AkKLj1sD5Fg5FtGdMS9jXUyo0BKEVUMrXlehkIToQ+Ifw==",
      "requires": {
        "@civ-clone/core-civilization": "^0.1.0",
        "@civ-clone/core-data-object": "^0.1.0",
        "@civ-clone/core-registry": "^0.1.0",
        "@civ-clone/core-rule": "^0.1.0"
      }
    },
    "@civ-clone/core-registry": {
      "version": "0.1.0",
      "resolved": "https://registry.npmjs.org/@civ-clone/core-registry/-/core-registry-0.1.0.tgz",
      "integrity": "sha512-g8TqSC+kwDTgpgGBaQd/d4G5Mw75qb4C1nDu3qeVf3bEmggoM5IpyJbSrrn5+uISPJdF9OIQuZWmugLQSmk0tQ=="
    },
    "@civ-clone/core-rule": {
      "version": "0.1.1",
      "resolved": "https://registry.npmjs.org/@civ-clone/core-rule/-/core-rule-0.1.1.tgz",
      "integrity": "sha512-YKK0Z6uYnw3EASzH+KqkFCQ9VTGLnsLFT4K5kR2Zr/RLo+qkyBMOs0l3DgpbhddfsHqzRY+yscrGjnF4L63rog==",
      "requires": {
        "@civ-clone/core-registry": "^0.1.0"
      }
    },
    "@civ-clone/core-yield": {
      "version": "0.1.1",
      "resolved": "https://registry.npmjs.org/@civ-clone/core-yield/-/core-yield-0.1.1.tgz",
      "integrity": "sha512-+UY0gXsdqs6+s9ipeLdkSn3OqTXHJBCtH/VILI+sAp8Wx4ObnCreiydwBK6LG0YFVhLXPdXtBzEU+FxEWV18xA==",
      "requires": {
        "@civ-clone/core-data-object": "^0.1.0",
        "@civ-clone/core-registry": "^0.1.0"
      }
    },
    "prettier": {
      "version": "2.6.0",
      "resolved": "https://registry.npmjs.org/prettier/-/prettier-2.6.0.tgz",
      "integrity": "sha512-m2FgJibYrBGGgQXNzfd0PuDGShJgRavjUoRCw1mZERIWVSXF0iLzLm+aOqTAbLnC3n6JzUhAA8uZnFVghHJ86A==",
      "dev": true
    },
    "typescript": {
      "version": "4.6.2",
      "resolved": "https://registry.npmjs.org/typescript/-/typescript-4.6.2.tgz",
      "integrity": "sha512-HM/hFigTBHZhLXshn9sN37H085+hQGeJHJ/X7LpBWLID/fbc2acUMfU+lGD98X81sKP+pFa9f0DZmCwB9GnbAg==",
      "dev": true
    }
  }
}
